// !$*UTF8*$!
{
	archiveVersion = 1;
	classes = {
	};
	objectVersion = 77;
	objects = {

/* Begin PBXBuildFile section */
		C09C376C2CD1B4CB0073A08F /* RxSwift in Frameworks */ = {isa = PBXBuildFile; productRef = C09C376B2CD1B4CB0073A08F /* RxSwift */; };
		C09C376E2CD1B4D10073A08F /* RxCocoa in Frameworks */ = {isa = PBXBuildFile; productRef = C09C376D2CD1B4D10073A08F /* RxCocoa */; };
/* End PBXBuildFile section */

/* Begin PBXContainerItemProxy section */
		C09C374C2CD1B4260073A08F /* PBXContainerItemProxy */ = {
			isa = PBXContainerItemProxy;
			containerPortal = C09C372D2CD1B4250073A08F /* Project object */;
			proxyType = 1;
			remoteGlobalIDString = C09C37342CD1B4250073A08F;
			remoteInfo = BasicSwift;
		};
		C09C37562CD1B4260073A08F /* PBXContainerItemProxy */ = {
			isa = PBXContainerItemProxy;
			containerPortal = C09C372D2CD1B4250073A08F /* Project object */;
			proxyType = 1;
			remoteGlobalIDString = C09C37342CD1B4250073A08F;
			remoteInfo = BasicSwift;
		};
/* End PBXContainerItemProxy section */

/* Begin PBXFileReference section */
		C09C37352CD1B4250073A08F /* BasicSwift.app */ = {isa = PBXFileReference; explicitFileType = wrapper.application; includeInIndex = 0; path = BasicSwift.app; sourceTree = BUILT_PRODUCTS_DIR; };
		C09C374B2CD1B4260073A08F /* BasicSwiftTests.xctest */ = {isa = PBXFileReference; explicitFileType = wrapper.cfbundle; includeInIndex = 0; path = BasicSwiftTests.xctest; sourceTree = BUILT_PRODUCTS_DIR; };
		C09C37552CD1B4260073A08F /* BasicSwiftUITests.xctest */ = {isa = PBXFileReference; explicitFileType = wrapper.cfbundle; includeInIndex = 0; path = BasicSwiftUITests.xctest; sourceTree = BUILT_PRODUCTS_DIR; };
/* End PBXFileReference section */

/* Begin PBXFileSystemSynchronizedBuildFileExceptionSet section */
		C09C375D2CD1B4260073A08F /* Exceptions for "BasicSwift" folder in "BasicSwift" target */ = {
			isa = PBXFileSystemSynchronizedBuildFileExceptionSet;
			membershipExceptions = (
				Info.plist,
			);
			target = C09C37342CD1B4250073A08F /* BasicSwift */;
		};
/* End PBXFileSystemSynchronizedBuildFileExceptionSet section */

/* Begin PBXFileSystemSynchronizedRootGroup section */
		C09C37372CD1B4250073A08F /* BasicSwift */ = {
			isa = PBXFileSystemSynchronizedRootGroup;
			exceptions = (
				C09C375D2CD1B4260073A08F /* Exceptions for "BasicSwift" folder in "BasicSwift" target */,
			);
			path = BasicSwift;
			sourceTree = "<group>";
		};
		C09C374E2CD1B4260073A08F /* BasicSwiftTests */ = {
			isa = PBXFileSystemSynchronizedRootGroup;
			path = BasicSwiftTests;
			sourceTree = "<group>";
		};
		C09C37582CD1B4260073A08F /* BasicSwiftUITests */ = {
			isa = PBXFileSystemSynchronizedRootGroup;
			path = BasicSwiftUITests;
			sourceTree = "<group>";
		};
/* End PBXFileSystemSynchronizedRootGroup section */

/* Begin PBXFrameworksBuildPhase section */
		C09C37322CD1B4250073A08F /* Frameworks */ = {
			isa = PBXFrameworksBuildPhase;
			buildActionMask = 2147483647;
			files = (
				C09C376E2CD1B4D10073A08F /* RxCocoa in Frameworks */,
				C09C376C2CD1B4CB0073A08F /* RxSwift in Frameworks */,
			);
			runOnlyForDeploymentPostprocessing = 0;
		};
		C09C37482CD1B4260073A08F /* Frameworks */ = {
			isa = PBXFrameworksBuildPhase;
			buildActionMask = 2147483647;
			files = (
			);
			runOnlyForDeploymentPostprocessing = 0;
		};
		C09C37522CD1B4260073A08F /* Frameworks */ = {
			isa = PBXFrameworksBuildPhase;
			buildActionMask = 2147483647;
			files = (
			);
			runOnlyForDeploymentPostprocessing = 0;
		};
/* End PBXFrameworksBuildPhase section */

/* Begin PBXGroup section */
		C09C372C2CD1B4250073A08F = {
			isa = PBXGroup;
			children = (
				C09C37372CD1B4250073A08F /* BasicSwift */,
				C09C374E2CD1B4260073A08F /* BasicSwiftTests */,
				C09C37582CD1B4260073A08F /* BasicSwiftUITests */,
				C09C376A2CD1B4CB0073A08F /* Frameworks */,
				C09C37362CD1B4250073A08F /* Products */,
			);
			sourceTree = "<group>";
		};
		C09C37362CD1B4250073A08F /* Products */ = {
			isa = PBXGroup;
			children = (
				C09C37352CD1B4250073A08F /* BasicSwift.app */,
				C09C374B2CD1B4260073A08F /* BasicSwiftTests.xctest */,
				C09C37552CD1B4260073A08F /* BasicSwiftUITests.xctest */,
			);
			name = Products;
			sourceTree = "<group>";
		};
		C09C376A2CD1B4CB0073A08F /* Frameworks */ = {
			isa = PBXGroup;
			children = (
			);
			name = Frameworks;
			sourceTree = "<group>";
		};
/* End PBXGroup section */

/* Begin PBXNativeTarget section */
		C09C37342CD1B4250073A08F /* BasicSwift */ = {
			isa = PBXNativeTarget;
			buildConfigurationList = C09C375E2CD1B4260073A08F /* Build configuration list for PBXNativeTarget "BasicSwift" */;
			buildPhases = (
				C09C37312CD1B4250073A08F /* Sources */,
				C09C37322CD1B4250073A08F /* Frameworks */,
				C09C37332CD1B4250073A08F /* Resources */,
			);
			buildRules = (
			);
			dependencies = (
			);
			fileSystemSynchronizedGroups = (
				C09C37372CD1B4250073A08F /* BasicSwift */,
			);
			name = BasicSwift;
			packageProductDependencies = (
				C09C376B2CD1B4CB0073A08F /* RxSwift */,
				C09C376D2CD1B4D10073A08F /* RxCocoa */,
			);
			productName = BasicSwift;
			productReference = C09C37352CD1B4250073A08F /* BasicSwift.app */;
			productType = "com.apple.product-type.application";
		};
		C09C374A2CD1B4260073A08F /* BasicSwiftTests */ = {
			isa = PBXNativeTarget;
			buildConfigurationList = C09C37632CD1B4260073A08F /* Build configuration list for PBXNativeTarget "BasicSwiftTests" */;
			buildPhases = (
				C09C37472CD1B4260073A08F /* Sources */,
				C09C37482CD1B4260073A08F /* Frameworks */,
				C09C37492CD1B4260073A08F /* Resources */,
			);
			buildRules = (
			);
			dependencies = (
				C09C374D2CD1B4260073A08F /* PBXTargetDependency */,
			);
			fileSystemSynchronizedGroups = (
				C09C374E2CD1B4260073A08F /* BasicSwiftTests */,
			);
			name = BasicSwiftTests;
			packageProductDependencies = (
			);
			productName = BasicSwiftTests;
			productReference = C09C374B2CD1B4260073A08F /* BasicSwiftTests.xctest */;
			productType = "com.apple.product-type.bundle.unit-test";
		};
		C09C37542CD1B4260073A08F /* BasicSwiftUITests */ = {
			isa = PBXNativeTarget;
			buildConfigurationList = C09C37662CD1B4260073A08F /* Build configuration list for PBXNativeTarget "BasicSwiftUITests" */;
			buildPhases = (
				C09C37512CD1B4260073A08F /* Sources */,
				C09C37522CD1B4260073A08F /* Frameworks */,
				C09C37532CD1B4260073A08F /* Resources */,
			);
			buildRules = (
			);
			dependencies = (
				C09C37572CD1B4260073A08F /* PBXTargetDependency */,
			);
			fileSystemSynchronizedGroups = (
				C09C37582CD1B4260073A08F /* BasicSwiftUITests */,
			);
			name = BasicSwiftUITests;
			packageProductDependencies = (
			);
			productName = BasicSwiftUITests;
			productReference = C09C37552CD1B4260073A08F /* BasicSwiftUITests.xctest */;
			productType = "com.apple.product-type.bundle.ui-testing";
		};
/* End PBXNativeTarget section */

/* Begin PBXProject section */
		C09C372D2CD1B4250073A08F /* Project object */ = {
			isa = PBXProject;
			attributes = {
				BuildIndependentTargetsInParallel = 1;
				LastSwiftUpdateCheck = 1610;
				LastUpgradeCheck = 1610;
				TargetAttributes = {
					C09C37342CD1B4250073A08F = {
						CreatedOnToolsVersion = 16.1;
					};
					C09C374A2CD1B4260073A08F = {
						CreatedOnToolsVersion = 16.1;
						TestTargetID = C09C37342CD1B4250073A08F;
					};
					C09C37542CD1B4260073A08F = {
						CreatedOnToolsVersion = 16.1;
						TestTargetID = C09C37342CD1B4250073A08F;
					};
				};
			};
			buildConfigurationList = C09C37302CD1B4250073A08F /* Build configuration list for PBXProject "BasicSwift" */;
			developmentRegion = en;
			hasScannedForEncodings = 0;
			knownRegions = (
				en,
				Base,
			);
			mainGroup = C09C372C2CD1B4250073A08F;
			minimizedProjectReferenceProxies = 1;
			packageReferences = (
				C09C37692CD1B4360073A08F /* XCRemoteSwiftPackageReference "RxSwift" */,
			);
			preferredProjectObjectVersion = 77;
			productRefGroup = C09C37362CD1B4250073A08F /* Products */;
			projectDirPath = "";
			projectRoot = "";
			targets = (
				C09C37342CD1B4250073A08F /* BasicSwift */,
				C09C374A2CD1B4260073A08F /* BasicSwiftTests */,
				C09C37542CD1B4260073A08F /* BasicSwiftUITests */,
			);
		};
/* End PBXProject section */

/* Begin PBXResourcesBuildPhase section */
		C09C37332CD1B4250073A08F /* Resources */ = {
			isa = PBXResourcesBuildPhase;
			buildActionMask = 2147483647;
			files = (
			);
			runOnlyForDeploymentPostprocessing = 0;
		};
		C09C37492CD1B4260073A08F /* Resources */ = {
			isa = PBXResourcesBuildPhase;
			buildActionMask = 2147483647;
			files = (
			);
			runOnlyForDeploymentPostprocessing = 0;
		};
		C09C37532CD1B4260073A08F /* Resources */ = {
			isa = PBXResourcesBuildPhase;
			buildActionMask = 2147483647;
			files = (
			);
			runOnlyForDeploymentPostprocessing = 0;
		};
/* End PBXResourcesBuildPhase section */

/* Begin PBXSourcesBuildPhase section */
		C09C37312CD1B4250073A08F /* Sources */ = {
			isa = PBXSourcesBuildPhase;
			buildActionMask = 2147483647;
			files = (
			);
			runOnlyForDeploymentPostprocessing = 0;
		};
		C09C37472CD1B4260073A08F /* Sources */ = {
			isa = PBXSourcesBuildPhase;
			buildActionMask = 2147483647;
			files = (
			);
			runOnlyForDeploymentPostprocessing = 0;
		};
		C09C37512CD1B4260073A08F /* Sources */ = {
			isa = PBXSourcesBuildPhase;
			buildActionMask = 2147483647;
			files = (
			);
			runOnlyForDeploymentPostprocessing = 0;
		};
/* End PBXSourcesBuildPhase section */

/* Begin PBXTargetDependency section */
		C09C374D2CD1B4260073A08F /* PBXTargetDependency */ = {
			isa = PBXTargetDependency;
			target = C09C37342CD1B4250073A08F /* BasicSwift */;
			targetProxy = C09C374C2CD1B4260073A08F /* PBXContainerItemProxy */;
		};
		C09C37572CD1B4260073A08F /* PBXTargetDependency */ = {
			isa = PBXTargetDependency;
			target = C09C37342CD1B4250073A08F /* BasicSwift */;
			targetProxy = C09C37562CD1B4260073A08F /* PBXContainerItemProxy */;
		};
/* End PBXTargetDependency section */

/* Begin XCBuildConfiguration section */
		C09C375F2CD1B4260073A08F /* Debug */ = {
			isa = XCBuildConfiguration;
			buildSettings = {
				ASSETCATALOG_COMPILER_APPICON_NAME = AppIcon;
				ASSETCATALOG_COMPILER_GLOBAL_ACCENT_COLOR_NAME = AccentColor;
				CODE_SIGN_STYLE = Automatic;
				CURRENT_PROJECT_VERSION = 1;
				GENERATE_INFOPLIST_FILE = YES;
				INFOPLIST_FILE = BasicSwift/Info.plist;
				INFOPLIST_KEY_UIApplicationSupportsIndirectInputEvents = YES;
				INFOPLIST_KEY_UILaunchStoryboardName = LaunchScreen;
				INFOPLIST_KEY_UIMainStoryboardFile = Main;
				INFOPLIST_KEY_UISupportedInterfaceOrientations_iPad = "UIInterfaceOrientationPortrait UIInterfaceOrientationPortraitUpsideDown UIInterfaceOrientationLandscapeLeft UIInterfaceOrientationLandscapeRight";
				INFOPLIST_KEY_UISupportedInterfaceOrientations_iPhone = "UIInterfaceOrientationPortrait UIInterfaceOrientationLandscapeLeft UIInterfaceOrientationLandscapeRight";
				LD_RUNPATH_SEARCH_PATHS = (
					"$(inherited)",
					"@executable_path/Frameworks",
				);
				MARKETING_VERSION = 1.0;
				PRODUCT_BUNDLE_IDENTIFIER = net.ollekil.BasicSwift;
				PRODUCT_NAME = "$(TARGET_NAME)";
				SWIFT_EMIT_LOC_STRINGS = YES;
				SWIFT_VERSION = 5.0;
				TARGETED_DEVICE_FAMILY = "1,2";
			};
			name = Debug;
		};
		C09C37602CD1B4260073A08F /* Release */ = {
			isa = XCBuildConfiguration;
			buildSettings = {
				ASSETCATALOG_COMPILER_APPICON_NAME = AppIcon;
				ASSETCATALOG_COMPILER_GLOBAL_ACCENT_COLOR_NAME = AccentColor;
				CODE_SIGN_STYLE = Automatic;
				CURRENT_PROJECT_VERSION = 1;
				GENERATE_INFOPLIST_FILE = YES;
				INFOPLIST_FILE = BasicSwift/Info.plist;
				INFOPLIST_KEY_UIApplicationSupportsIndirectInputEvents = YES;
				INFOPLIST_KEY_UILaunchStoryboardName = LaunchScreen;
				INFOPLIST_KEY_UIMainStoryboardFile = Main;
				INFOPLIST_KEY_UISupportedInterfaceOrientations_iPad = "UIInterfaceOrientationPortrait UIInterfaceOrientationPortraitUpsideDown UIInterfaceOrientationLandscapeLeft UIInterfaceOrientationLandscapeRight";
				INFOPLIST_KEY_UISupportedInterfaceOrientations_iPhone = "UIInterfaceOrientationPortrait UIInterfaceOrientationLandscapeLeft UIInterfaceOrientationLandscapeRight";
				LD_RUNPATH_SEARCH_PATHS = (
					"$(inherited)",
					"@executable_path/Frameworks",
				);
				MARKETING_VERSION = 1.0;
				PRODUCT_BUNDLE_IDENTIFIER = net.ollekil.BasicSwift;
				PRODUCT_NAME = "$(TARGET_NAME)";
				SWIFT_EMIT_LOC_STRINGS = YES;
				SWIFT_VERSION = 5.0;
				TARGETED_DEVICE_FAMILY = "1,2";
			};
			name = Release;
		};
		C09C37612CD1B4260073A08F /* Debug */ = {
			isa = XCBuildConfiguration;
			buildSettings = {
				ALWAYS_SEARCH_USER_PATHS = NO;
				ASSETCATALOG_COMPILER_GENERATE_SWIFT_ASSET_SYMBOL_EXTENSIONS = YES;
				CLANG_ANALYZER_NONNULL = YES;
				CLANG_ANALYZER_NUMBER_OBJECT_CONVERSION = YES_AGGRESSIVE;
				CLANG_CXX_LANGUAGE_STANDARD = "gnu++20";
				CLANG_ENABLE_MODULES = YES;
				CLANG_ENABLE_OBJC_ARC = YES;
				CLANG_ENABLE_OBJC_WEAK = YES;
				CLANG_WARN_BLOCK_CAPTURE_AUTORELEASING = YES;
				CLANG_WARN_BOOL_CONVERSION = YES;
				CLANG_WARN_COMMA = YES;
				CLANG_WARN_CONSTANT_CONVERSION = YES;
				CLANG_WARN_DEPRECATED_OBJC_IMPLEMENTATIONS = YES;
				CLANG_WARN_DIRECT_OBJC_ISA_USAGE = YES_ERROR;
				CLANG_WARN_DOCUMENTATION_COMMENTS = YES;
				CLANG_WARN_EMPTY_BODY = YES;
				CLANG_WARN_ENUM_CONVERSION = YES;
				CLANG_WARN_INFINITE_RECURSION = YES;
				CLANG_WARN_INT_CONVERSION = YES;
				CLANG_WARN_NON_LITERAL_NULL_CONVERSION = YES;
				CLANG_WARN_OBJC_IMPLICIT_RETAIN_SELF = YES;
				CLANG_WARN_OBJC_LITERAL_CONVERSION = YES;
				CLANG_WARN_OBJC_ROOT_CLASS = YES_ERROR;
				CLANG_WARN_QUOTED_INCLUDE_IN_FRAMEWORK_HEADER = YES;
				CLANG_WARN_RANGE_LOOP_ANALYSIS = YES;
				CLANG_WARN_STRICT_PROTOTYPES = YES;
				CLANG_WARN_SUSPICIOUS_MOVE = YES;
				CLANG_WARN_UNGUARDED_AVAILABILITY = YES_AGGRESSIVE;
				CLANG_WARN_UNREACHABLE_CODE = YES;
				CLANG_WARN__DUPLICATE_METHOD_MATCH = YES;
				COPY_PHASE_STRIP = NO;
				DEBUG_INFORMATION_FORMAT = dwarf;
				ENABLE_STRICT_OBJC_MSGSEND = YES;
				ENABLE_TESTABILITY = YES;
				ENABLE_USER_SCRIPT_SANDBOXING = YES;
				GCC_C_LANGUAGE_STANDARD = gnu17;
				GCC_DYNAMIC_NO_PIC = NO;
				GCC_NO_COMMON_BLOCKS = YES;
				GCC_OPTIMIZATION_LEVEL = 0;
				GCC_PREPROCESSOR_DEFINITIONS = (
					"DEBUG=1",
					"$(inherited)",
				);
				GCC_WARN_64_TO_32_BIT_CONVERSION = YES;
				GCC_WARN_ABOUT_RETURN_TYPE = YES_ERROR;
				GCC_WARN_UNDECLARED_SELECTOR = YES;
				GCC_WARN_UNINITIALIZED_AUTOS = YES_AGGRESSIVE;
				GCC_WARN_UNUSED_FUNCTION = YES;
				GCC_WARN_UNUSED_VARIABLE = YES;
				IPHONEOS_DEPLOYMENT_TARGET = 18.1;
				LOCALIZATION_PREFERS_STRING_CATALOGS = YES;
				MTL_ENABLE_DEBUG_INFO = INCLUDE_SOURCE;
				MTL_FAST_MATH = YES;
				ONLY_ACTIVE_ARCH = YES;
				SDKROOT = iphoneos;
				SWIFT_ACTIVE_COMPILATION_CONDITIONS = "DEBUG $(inherited)";
				SWIFT_OPTIMIZATION_LEVEL = "-Onone";
			};
			name = Debug;
		};
		C09C37622CD1B4260073A08F /* Release */ = {
			isa = XCBuildConfiguration;
			buildSettings = {
				ALWAYS_SEARCH_USER_PATHS = NO;
				ASSETCATALOG_COMPILER_GENERATE_SWIFT_ASSET_SYMBOL_EXTENSIONS = YES;
				CLANG_ANALYZER_NONNULL = YES;
				CLANG_ANALYZER_NUMBER_OBJECT_CONVERSION = YES_AGGRESSIVE;
				CLANG_CXX_LANGUAGE_STANDARD = "gnu++20";
				CLANG_ENABLE_MODULES = YES;
				CLANG_ENABLE_OBJC_ARC = YES;
				CLANG_ENABLE_OBJC_WEAK = YES;
				CLANG_WARN_BLOCK_CAPTURE_AUTORELEASING = YES;
				CLANG_WARN_BOOL_CONVERSION = YES;
				CLANG_WARN_COMMA = YES;
				CLANG_WARN_CONSTANT_CONVERSION = YES;
				CLANG_WARN_DEPRECATED_OBJC_IMPLEMENTATIONS = YES;
				CLANG_WARN_DIRECT_OBJC_ISA_USAGE = YES_ERROR;
				CLANG_WARN_DOCUMENTATION_COMMENTS = YES;
				CLANG_WARN_EMPTY_BODY = YES;
				CLANG_WARN_ENUM_CONVERSION = YES;
				CLANG_WARN_INFINITE_RECURSION = YES;
				CLANG_WARN_INT_CONVERSION = YES;
				CLANG_WARN_NON_LITERAL_NULL_CONVERSION = YES;
				CLANG_WARN_OBJC_IMPLICIT_RETAIN_SELF = YES;
				CLANG_WARN_OBJC_LITERAL_CONVERSION = YES;
				CLANG_WARN_OBJC_ROOT_CLASS = YES_ERROR;
				CLANG_WARN_QUOTED_INCLUDE_IN_FRAMEWORK_HEADER = YES;
				CLANG_WARN_RANGE_LOOP_ANALYSIS = YES;
				CLANG_WARN_STRICT_PROTOTYPES = YES;
				CLANG_WARN_SUSPICIOUS_MOVE = YES;
				CLANG_WARN_UNGUARDED_AVAILABILITY = YES_AGGRESSIVE;
				CLANG_WARN_UNREACHABLE_CODE = YES;
				CLANG_WARN__DUPLICATE_METHOD_MATCH = YES;
				COPY_PHASE_STRIP = NO;
				DEBUG_INFORMATION_FORMAT = "dwarf-with-dsym";
				ENABLE_NS_ASSERTIONS = NO;
				ENABLE_STRICT_OBJC_MSGSEND = YES;
				ENABLE_USER_SCRIPT_SANDBOXING = YES;
				GCC_C_LANGUAGE_STANDARD = gnu17;
				GCC_NO_COMMON_BLOCKS = YES;
				GCC_WARN_64_TO_32_BIT_CONVERSION = YES;
				GCC_WARN_ABOUT_RETURN_TYPE = YES_ERROR;
				GCC_WARN_UNDECLARED_SELECTOR = YES;
				GCC_WARN_UNINITIALIZED_AUTOS = YES_AGGRESSIVE;
				GCC_WARN_UNUSED_FUNCTION = YES;
				GCC_WARN_UNUSED_VARIABLE = YES;
				IPHONEOS_DEPLOYMENT_TARGET = 18.1;
				LOCALIZATION_PREFERS_STRING_CATALOGS = YES;
				MTL_ENABLE_DEBUG_INFO = NO;
				MTL_FAST_MATH = YES;
				SDKROOT = iphoneos;
				SWIFT_COMPILATION_MODE = wholemodule;
				VALIDATE_PRODUCT = YES;
			};
			name = Release;
		};
		C09C37642CD1B4260073A08F /* Debug */ = {
			isa = XCBuildConfiguration;
			buildSettings = {
				BUNDLE_LOADER = "$(TEST_HOST)";
				CODE_SIGN_STYLE = Automatic;
				CURRENT_PROJECT_VERSION = 1;
				GENERATE_INFOPLIST_FILE = YES;
				IPHONEOS_DEPLOYMENT_TARGET = 18.1;
				MARKETING_VERSION = 1.0;
				PRODUCT_BUNDLE_IDENTIFIER = net.ollekil.BasicSwiftTests;
				PRODUCT_NAME = "$(TARGET_NAME)";
				SWIFT_EMIT_LOC_STRINGS = NO;
				SWIFT_VERSION = 5.0;
				TARGETED_DEVICE_FAMILY = "1,2";
				TEST_HOST = "$(BUILT_PRODUCTS_DIR)/BasicSwift.app/$(BUNDLE_EXECUTABLE_FOLDER_PATH)/BasicSwift";
			};
			name = Debug;
		};
		C09C37652CD1B4260073A08F /* Release */ = {
			isa = XCBuildConfiguration;
			buildSettings = {
				BUNDLE_LOADER = "$(TEST_HOST)";
				CODE_SIGN_STYLE = Automatic;
				CURRENT_PROJECT_VERSION = 1;
				GENERATE_INFOPLIST_FILE = YES;
				IPHONEOS_DEPLOYMENT_TARGET = 18.1;
				MARKETING_VERSION = 1.0;
				PRODUCT_BUNDLE_IDENTIFIER = net.ollekil.BasicSwiftTests;
				PRODUCT_NAME = "$(TARGET_NAME)";
				SWIFT_EMIT_LOC_STRINGS = NO;
				SWIFT_VERSION = 5.0;
				TARGETED_DEVICE_FAMILY = "1,2";
				TEST_HOST = "$(BUILT_PRODUCTS_DIR)/BasicSwift.app/$(BUNDLE_EXECUTABLE_FOLDER_PATH)/BasicSwift";
			};
			name = Release;
		};
		C09C37672CD1B4260073A08F /* Debug */ = {
			isa = XCBuildConfiguration;
			buildSettings = {
				CODE_SIGN_STYLE = Automatic;
				CURRENT_PROJECT_VERSION = 1;
				GENERATE_INFOPLIST_FILE = YES;
				MARKETING_VERSION = 1.0;
				PRODUCT_BUNDLE_IDENTIFIER = net.ollekil.BasicSwiftUITests;
				PRODUCT_NAME = "$(TARGET_NAME)";
				SWIFT_EMIT_LOC_STRINGS = NO;
				SWIFT_VERSION = 5.0;
				TARGETED_DEVICE_FAMILY = "1,2";
				TEST_TARGET_NAME = BasicSwift;
			};
			name = Debug;
		};
		C09C37682CD1B4260073A08F /* Release */ = {
			isa = XCBuildConfiguration;
			buildSettings = {
				CODE_SIGN_STYLE = Automatic;
				CURRENT_PROJECT_VERSION = 1;
				GENERATE_INFOPLIST_FILE = YES;
				MARKETING_VERSION = 1.0;
				PRODUCT_BUNDLE_IDENTIFIER = net.ollekil.BasicSwiftUITests;
				PRODUCT_NAME = "$(TARGET_NAME)";
				SWIFT_EMIT_LOC_STRINGS = NO;
				SWIFT_VERSION = 5.0;
				TARGETED_DEVICE_FAMILY = "1,2";
				TEST_TARGET_NAME = BasicSwift;
			};
			name = Release;
		};
/* End XCBuildConfiguration section */

/* Begin XCConfigurationList section */
		C09C37302CD1B4250073A08F /* Build configuration list for PBXProject "BasicSwift" */ = {
			isa = XCConfigurationList;
			buildConfigurations = (
				C09C37612CD1B4260073A08F /* Debug */,
				C09C37622CD1B4260073A08F /* Release */,
			);
			defaultConfigurationIsVisible = 0;
			defaultConfigurationName = Release;
		};
		C09C375E2CD1B4260073A08F /* Build configuration list for PBXNativeTarget "BasicSwift" */ = {
			isa = XCConfigurationList;
			buildConfigurations = (
				C09C375F2CD1B4260073A08F /* Debug */,
				C09C37602CD1B4260073A08F /* Release */,
			);
			defaultConfigurationIsVisible = 0;
			defaultConfigurationName = Release;
		};
		C09C37632CD1B4260073A08F /* Build configuration list for PBXNativeTarget "BasicSwiftTests" */ = {
			isa = XCConfigurationList;
			buildConfigurations = (
				C09C37642CD1B4260073A08F /* Debug */,
				C09C37652CD1B4260073A08F /* Release */,
			);
			defaultConfigurationIsVisible = 0;
			defaultConfigurationName = Release;
		};
		C09C37662CD1B4260073A08F /* Build configuration list for PBXNativeTarget "BasicSwiftUITests" */ = {
			isa = XCConfigurationList;
			buildConfigurations = (
				C09C37672CD1B4260073A08F /* Debug */,
				C09C37682CD1B4260073A08F /* Release */,
			);
			defaultConfigurationIsVisible = 0;
			defaultConfigurationName = Release;
		};
/* End XCConfigurationList section */

/* Begin XCRemoteSwiftPackageReference section */
		C09C37692CD1B4360073A08F /* XCRemoteSwiftPackageReference "RxSwift" */ = {
			isa = XCRemoteSwiftPackageReference;
			repositoryURL = "https://github.com/ReactiveX/RxSwift.git";
			requirement = {
				kind = upToNextMajorVersion;
				minimumVersion = 6.8.0;
			};
		};
/* End XCRemoteSwiftPackageReference section */

/* Begin XCSwiftPackageProductDependency section */
		C09C376B2CD1B4CB0073A08F /* RxSwift */ = {
			isa = XCSwiftPackageProductDependency;
			package = C09C37692CD1B4360073A08F /* XCRemoteSwiftPackageReference "RxSwift" */;
			productName = RxSwift;
		};
		C09C376D2CD1B4D10073A08F /* RxCocoa */ = {
			isa = XCSwiftPackageProductDependency;
			package = C09C37692CD1B4360073A08F /* XCRemoteSwiftPackageReference "RxSwift" */;
			productName = RxCocoa;
		};
/* End XCSwiftPackageProductDependency section */
	};
	rootObject = C09C372D2CD1B4250073A08F /* Project object */;
}
